
Microsoft Visual Studio Solution File, Format Version 12.00
# Visual Studio Version 17
VisualStudioVersion = 17.14.36310.24 d17.14
MinimumVisualStudioVersion = 10.0.40219.1
Project("{FAE04EC0-301F-11D3-BF4B-00C04F79EFBC}") = "Question5-InventoryRecords", "Question5-InventoryRecords\Question5-InventoryRecords.csproj", "{C8A190EF-DAED-4182-8C71-8710BB2E2458}"
EndProject
Global
	GlobalSection(SolutionConfigurationPlatforms) = preSolution
		Debug|Any CPU = Debug|Any CPU
		Release|Any CPU = Release|Any CPU
	EndGlobalSection
	GlobalSection(ProjectConfigurationPlatforms) = postSolution
		{C8A190EF-DAED-4182-8C71-8710BB2E2458}.Debug|Any CPU.ActiveCfg = Debug|Any CPU
		{C8A190EF-DAED-4182-8C71-8710BB2E2458}.Debug|Any CPU.Build.0 = Debug|Any CPU
		{C8A190EF-DAED-4182-8C71-8710BB2E2458}.Release|Any CPU.ActiveCfg = Release|Any CPU
		{C8A190EF-DAED-4182-8C71-8710BB2E2458}.Release|Any CPU.Build.0 = Release|Any CPU
	EndGlobalSection
	GlobalSection(SolutionProperties) = preSolution
		HideSolutionNode = FALSE
	EndGlobalSection
	GlobalSection(ExtensibilityGlobals) = postSolution
		SolutionGuid = {7DE457DA-874C-45A5-A732-5554D611981A}
	EndGlobalSection
EndGlobal
